# generated by rye
# use `rye lock` or `rye sync` to update this lockfile
#
# last locked with the following flags:
#   pre: false
#   features: []
#   all-features: false
#   with-sources: false

-e file:.
packaging==23.2
pyqtconfig==0.9.2
pyside6==6.6.1
pyside6-addons==6.6.1
pyside6-essentials==6.6.1
qtpy==2.4.1
shiboken6==6.6.1
